# This file is automatically @generated by Poetry 2.1.3 and should not be changed by hand.

[[package]]
name = "pybird"
version = "1.2.0"
description = "BIRD interface handler for Python"
optional = false
python-versions = ">=3.7,<4.0"
groups = ["main"]
files = [
    {file = "pybird-1.2.0-py3-none-any.whl", hash = "sha256:7e32c7ebf1139e4b9865fd08ebcf47ecdb128a09b18e644af21ca0fb779f26e8"},
    {file = "pybird-1.2.0.tar.gz", hash = "sha256:103d1bf944303f70ad035dbab7fd9c072749b7704b812104539fc5e37537c12e"},
]

[metadata]
lock-version = "2.1"
python-versions = ">=3.10,<4.0"
content-hash = "fea32d120aefe65e71444b4f7de1ba044e4d1e98dbef0a455be25f033651555a"
